// !$*UTF8*$!
{
	archiveVersion = 1;
	classes = {
	};
	objectVersion = 56;
	objects = {

/* Begin PBXBuildFile section */
		D70D92A52A8CB2B60077458A /* Solution.swift in Sources */ = {isa = PBXBuildFile; fileRef = D70D92A42A8CB2B60077458A /* Solution.swift */; };
		D70D92A72A8CC4970077458A /* Stack.swift in Sources */ = {isa = PBXBuildFile; fileRef = D70D92A62A8CC4970077458A /* Stack.swift */; };
		D70D92A92A8CC49F0077458A /* Queue.swift in Sources */ = {isa = PBXBuildFile; fileRef = D70D92A82A8CC49F0077458A /* Queue.swift */; };
		D70D92AC2A8E2DAC0077458A /* Solution.swift in Sources */ = {isa = PBXBuildFile; fileRef = D70D92AB2A8E2DAC0077458A /* Solution.swift */; };
		D738ABC32A9E0223002517A3 /* Solution.swift in Sources */ = {isa = PBXBuildFile; fileRef = D738ABC22A9E0223002517A3 /* Solution.swift */; };
		D7A0913F2A8642C300B4D534 /* AppDelegate.swift in Sources */ = {isa = PBXBuildFile; fileRef = D7A0913E2A8642C300B4D534 /* AppDelegate.swift */; };
		D7A091412A8642C300B4D534 /* SceneDelegate.swift in Sources */ = {isa = PBXBuildFile; fileRef = D7A091402A8642C300B4D534 /* SceneDelegate.swift */; };
		D7A091432A8642C300B4D534 /* ViewController.swift in Sources */ = {isa = PBXBuildFile; fileRef = D7A091422A8642C300B4D534 /* ViewController.swift */; };
		D7A091462A8642C300B4D534 /* Main.storyboard in Resources */ = {isa = PBXBuildFile; fileRef = D7A091442A8642C300B4D534 /* Main.storyboard */; };
		D7A091482A8642C700B4D534 /* Assets.xcassets in Resources */ = {isa = PBXBuildFile; fileRef = D7A091472A8642C700B4D534 /* Assets.xcassets */; };
		D7A0914B2A8642C700B4D534 /* LaunchScreen.storyboard in Resources */ = {isa = PBXBuildFile; fileRef = D7A091492A8642C700B4D534 /* LaunchScreen.storyboard */; };
		D7A091552A86434C00B4D534 /* ListNode.swift in Sources */ = {isa = PBXBuildFile; fileRef = D7A091542A86434C00B4D534 /* ListNode.swift */; };
		D7A091572A86436D00B4D534 /* Solution.swift in Sources */ = {isa = PBXBuildFile; fileRef = D7A091562A86436D00B4D534 /* Solution.swift */; };
		D7A371542AD3EA0A00E91557 /* Solution.swift in Sources */ = {isa = PBXBuildFile; fileRef = D7A371532AD3EA0A00E91557 /* Solution.swift */; };
		D7B8F96B2AC5121A00A23685 /* Solution.swift in Sources */ = {isa = PBXBuildFile; fileRef = D7B8F96A2AC5121A00A23685 /* Solution.swift */; };
/* End PBXBuildFile section */

/* Begin PBXFileReference section */
		D70D92A42A8CB2B60077458A /* Solution.swift */ = {isa = PBXFileReference; lastKnownFileType = sourcecode.swift; path = Solution.swift; sourceTree = "<group>"; };
		D70D92A62A8CC4970077458A /* Stack.swift */ = {isa = PBXFileReference; lastKnownFileType = sourcecode.swift; path = Stack.swift; sourceTree = "<group>"; };
		D70D92A82A8CC49F0077458A /* Queue.swift */ = {isa = PBXFileReference; lastKnownFileType = sourcecode.swift; path = Queue.swift; sourceTree = "<group>"; };
		D70D92AB2A8E2DAC0077458A /* Solution.swift */ = {isa = PBXFileReference; lastKnownFileType = sourcecode.swift; path = Solution.swift; sourceTree = "<group>"; };
		D738ABC22A9E0223002517A3 /* Solution.swift */ = {isa = PBXFileReference; lastKnownFileType = sourcecode.swift; path = Solution.swift; sourceTree = "<group>"; };
		D7A0913B2A8642C300B4D534 /* Algorithm.app */ = {isa = PBXFileReference; explicitFileType = wrapper.application; includeInIndex = 0; path = Algorithm.app; sourceTree = BUILT_PRODUCTS_DIR; };
		D7A0913E2A8642C300B4D534 /* AppDelegate.swift */ = {isa = PBXFileReference; lastKnownFileType = sourcecode.swift; path = AppDelegate.swift; sourceTree = "<group>"; };
		D7A091402A8642C300B4D534 /* SceneDelegate.swift */ = {isa = PBXFileReference; lastKnownFileType = sourcecode.swift; path = SceneDelegate.swift; sourceTree = "<group>"; };
		D7A091422A8642C300B4D534 /* ViewController.swift */ = {isa = PBXFileReference; lastKnownFileType = sourcecode.swift; path = ViewController.swift; sourceTree = "<group>"; };
		D7A091452A8642C300B4D534 /* Base */ = {isa = PBXFileReference; lastKnownFileType = file.storyboard; name = Base; path = Base.lproj/Main.storyboard; sourceTree = "<group>"; };
		D7A091472A8642C700B4D534 /* Assets.xcassets */ = {isa = PBXFileReference; lastKnownFileType = folder.assetcatalog; path = Assets.xcassets; sourceTree = "<group>"; };
		D7A0914A2A8642C700B4D534 /* Base */ = {isa = PBXFileReference; lastKnownFileType = file.storyboard; name = Base; path = Base.lproj/LaunchScreen.storyboard; sourceTree = "<group>"; };
		D7A0914C2A8642C700B4D534 /* Info.plist */ = {isa = PBXFileReference; lastKnownFileType = text.plist.xml; path = Info.plist; sourceTree = "<group>"; };
		D7A091542A86434C00B4D534 /* ListNode.swift */ = {isa = PBXFileReference; lastKnownFileType = sourcecode.swift; path = ListNode.swift; sourceTree = "<group>"; };
		D7A091562A86436D00B4D534 /* Solution.swift */ = {isa = PBXFileReference; lastKnownFileType = sourcecode.swift; path = Solution.swift; sourceTree = "<group>"; };
		D7A371532AD3EA0A00E91557 /* Solution.swift */ = {isa = PBXFileReference; lastKnownFileType = sourcecode.swift; path = Solution.swift; sourceTree = "<group>"; };
		D7B8F96A2AC5121A00A23685 /* Solution.swift */ = {isa = PBXFileReference; lastKnownFileType = sourcecode.swift; path = Solution.swift; sourceTree = "<group>"; };
/* End PBXFileReference section */

/* Begin PBXFrameworksBuildPhase section */
		D7A091382A8642C300B4D534 /* Frameworks */ = {
			isa = PBXFrameworksBuildPhase;
			buildActionMask = 2147483647;
			files = (
			);
			runOnlyForDeploymentPostprocessing = 0;
		};
/* End PBXFrameworksBuildPhase section */

/* Begin PBXGroup section */
		D70D92A12A8CB2560077458A /* StackAndQueue */ = {
			isa = PBXGroup;
			children = (
				D70D92A42A8CB2B60077458A /* Solution.swift */,
				D70D92A62A8CC4970077458A /* Stack.swift */,
				D70D92A82A8CC49F0077458A /* Queue.swift */,
			);
			path = StackAndQueue;
			sourceTree = "<group>";
		};
		D70D92AA2A8E2D730077458A /* PriorityQueue */ = {
			isa = PBXGroup;
			children = (
				D70D92AB2A8E2DAC0077458A /* Solution.swift */,
			);
			path = PriorityQueue;
			sourceTree = "<group>";
		};
		D738ABC12A9E01FB002517A3 /* Hash */ = {
			isa = PBXGroup;
			children = (
				D738ABC22A9E0223002517A3 /* Solution.swift */,
			);
			path = Hash;
			sourceTree = "<group>";
		};
		D7A091322A8642C300B4D534 = {
			isa = PBXGroup;
			children = (
				D7A0913D2A8642C300B4D534 /* Algorithm */,
				D7A0913C2A8642C300B4D534 /* Products */,
			);
			sourceTree = "<group>";
		};
		D7A0913C2A8642C300B4D534 /* Products */ = {
			isa = PBXGroup;
			children = (
				D7A0913B2A8642C300B4D534 /* Algorithm.app */,
			);
			name = Products;
			sourceTree = "<group>";
		};
		D7A0913D2A8642C300B4D534 /* Algorithm */ = {
			isa = PBXGroup;
			children = (
				D7A091522A86432600B4D534 /* DataStructure */,
				D7A0913E2A8642C300B4D534 /* AppDelegate.swift */,
				D7A091402A8642C300B4D534 /* SceneDelegate.swift */,
				D7A091422A8642C300B4D534 /* ViewController.swift */,
				D7A091442A8642C300B4D534 /* Main.storyboard */,
				D7A091472A8642C700B4D534 /* Assets.xcassets */,
				D7A091492A8642C700B4D534 /* LaunchScreen.storyboard */,
				D7A0914C2A8642C700B4D534 /* Info.plist */,
			);
			path = Algorithm;
			sourceTree = "<group>";
		};
		D7A091522A86432600B4D534 /* DataStructure */ = {
			isa = PBXGroup;
			children = (
				D7A371522AD3E9EA00E91557 /* Recursion */,
				D7B8F9692AC511FE00A23685 /* Tree */,
				D738ABC12A9E01FB002517A3 /* Hash */,
				D70D92AA2A8E2D730077458A /* PriorityQueue */,
				D70D92A12A8CB2560077458A /* StackAndQueue */,
				D7A091532A86433300B4D534 /* ListNode */,
			);
			path = DataStructure;
			sourceTree = "<group>";
		};
		D7A091532A86433300B4D534 /* ListNode */ = {
			isa = PBXGroup;
			children = (
				D7A091542A86434C00B4D534 /* ListNode.swift */,
				D7A091562A86436D00B4D534 /* Solution.swift */,
			);
			path = ListNode;
			sourceTree = "<group>";
		};
		D7A371522AD3E9EA00E91557 /* Recursion */ = {
			isa = PBXGroup;
			children = (
				D7A371532AD3EA0A00E91557 /* Solution.swift */,
			);
			path = Recursion;
			sourceTree = "<group>";
		};
		D7B8F9692AC511FE00A23685 /* Tree */ = {
			isa = PBXGroup;
			children = (
				D7B8F96A2AC5121A00A23685 /* Solution.swift */,
			);
			path = Tree;
			sourceTree = "<group>";
		};
/* End PBXGroup section */

/* Begin PBXNativeTarget section */
		D7A0913A2A8642C300B4D534 /* Algorithm */ = {
			isa = PBXNativeTarget;
			buildConfigurationList = D7A0914F2A8642C700B4D534 /* Build configuration list for PBXNativeTarget "Algorithm" */;
			buildPhases = (
				D7A091372A8642C300B4D534 /* Sources */,
				D7A091382A8642C300B4D534 /* Frameworks */,
				D7A091392A8642C300B4D534 /* Resources */,
			);
			buildRules = (
			);
			dependencies = (
			);
			name = Algorithm;
			productName = Algorithm;
			productReference = D7A0913B2A8642C300B4D534 /* Algorithm.app */;
			productType = "com.apple.product-type.application";
		};
/* End PBXNativeTarget section */

/* Begin PBXProject section */
		D7A091332A8642C300B4D534 /* Project object */ = {
			isa = PBXProject;
			attributes = {
				BuildIndependentTargetsInParallel = 1;
				LastSwiftUpdateCheck = 1420;
				LastUpgradeCheck = 1420;
				TargetAttributes = {
					D7A0913A2A8642C300B4D534 = {
						CreatedOnToolsVersion = 14.2;
					};
				};
			};
			buildConfigurationList = D7A091362A8642C300B4D534 /* Build configuration list for PBXProject "Algorithm" */;
			compatibilityVersion = "Xcode 14.0";
			developmentRegion = en;
			hasScannedForEncodings = 0;
			knownRegions = (
				en,
				Base,
			);
			mainGroup = D7A091322A8642C300B4D534;
			productRefGroup = D7A0913C2A8642C300B4D534 /* Products */;
			projectDirPath = "";
			projectRoot = "";
			targets = (
				D7A0913A2A8642C300B4D534 /* Algorithm */,
			);
		};
/* End PBXProject section */

/* Begin PBXResourcesBuildPhase section */
		D7A091392A8642C300B4D534 /* Resources */ = {
			isa = PBXResourcesBuildPhase;
			buildActionMask = 2147483647;
			files = (
				D7A0914B2A8642C700B4D534 /* LaunchScreen.storyboard in Resources */,
				D7A091482A8642C700B4D534 /* Assets.xcassets in Resources */,
				D7A091462A8642C300B4D534 /* Main.storyboard in Resources */,
			);
			runOnlyForDeploymentPostprocessing = 0;
		};
/* End PBXResourcesBuildPhase section */

/* Begin PBXSourcesBuildPhase section */
		D7A091372A8642C300B4D534 /* Sources */ = {
			isa = PBXSourcesBuildPhase;
			buildActionMask = 2147483647;
			files = (
				D738ABC32A9E0223002517A3 /* Solution.swift in Sources */,
				D7A091572A86436D00B4D534 /* Solution.swift in Sources */,
				D7A371542AD3EA0A00E91557 /* Solution.swift in Sources */,
				D7A091432A8642C300B4D534 /* ViewController.swift in Sources */,
				D70D92A72A8CC4970077458A /* Stack.swift in Sources */,
				D7B8F96B2AC5121A00A23685 /* Solution.swift in Sources */,
				D70D92A92A8CC49F0077458A /* Queue.swift in Sources */,
				D70D92A52A8CB2B60077458A /* Solution.swift in Sources */,
				D7A0913F2A8642C300B4D534 /* AppDelegate.swift in Sources */,
				D7A091412A8642C300B4D534 /* SceneDelegate.swift in Sources */,
				D7A091552A86434C00B4D534 /* ListNode.swift in Sources */,
				D70D92AC2A8E2DAC0077458A /* Solution.swift in Sources */,
			);
			runOnlyForDeploymentPostprocessing = 0;
		};
/* End PBXSourcesBuildPhase section */

/* Begin PBXVariantGroup section */
		D7A091442A8642C300B4D534 /* Main.storyboard */ = {
			isa = PBXVariantGroup;
			children = (
				D7A091452A8642C300B4D534 /* Base */,
			);
			name = Main.storyboard;
			sourceTree = "<group>";
		};
		D7A091492A8642C700B4D534 /* LaunchScreen.storyboard */ = {
			isa = PBXVariantGroup;
			children = (
				D7A0914A2A8642C700B4D534 /* Base */,
			);
			name = LaunchScreen.storyboard;
			sourceTree = "<group>";
		};
/* End PBXVariantGroup section */

/* Begin XCBuildConfiguration section */
		D7A0914D2A8642C700B4D534 /* Debug */ = {
			isa = XCBuildConfiguration;
			buildSettings = {
				ALWAYS_SEARCH_USER_PATHS = NO;
				CLANG_ANALYZER_NONNULL = YES;
				CLANG_ANALYZER_NUMBER_OBJECT_CONVERSION = YES_AGGRESSIVE;
				CLANG_CXX_LANGUAGE_STANDARD = "gnu++20";
				CLANG_ENABLE_MODULES = YES;
				CLANG_ENABLE_OBJC_ARC = YES;
				CLANG_ENABLE_OBJC_WEAK = YES;
				CLANG_WARN_BLOCK_CAPTURE_AUTORELEASING = YES;
				CLANG_WARN_BOOL_CONVERSION = YES;
				CLANG_WARN_COMMA = YES;
				CLANG_WARN_CONSTANT_CONVERSION = YES;
				CLANG_WARN_DEPRECATED_OBJC_IMPLEMENTATIONS = YES;
				CLANG_WARN_DIRECT_OBJC_ISA_USAGE = YES_ERROR;
				CLANG_WARN_DOCUMENTATION_COMMENTS = YES;
				CLANG_WARN_EMPTY_BODY = YES;
				CLANG_WARN_ENUM_CONVERSION = YES;
				CLANG_WARN_INFINITE_RECURSION = YES;
				CLANG_WARN_INT_CONVERSION = YES;
				CLANG_WARN_NON_LITERAL_NULL_CONVERSION = YES;
				CLANG_WARN_OBJC_IMPLICIT_RETAIN_SELF = YES;
				CLANG_WARN_OBJC_LITERAL_CONVERSION = YES;
				CLANG_WARN_OBJC_ROOT_CLASS = YES_ERROR;
				CLANG_WARN_QUOTED_INCLUDE_IN_FRAMEWORK_HEADER = YES;
				CLANG_WARN_RANGE_LOOP_ANALYSIS = YES;
				CLANG_WARN_STRICT_PROTOTYPES = YES;
				CLANG_WARN_SUSPICIOUS_MOVE = YES;
				CLANG_WARN_UNGUARDED_AVAILABILITY = YES_AGGRESSIVE;
				CLANG_WARN_UNREACHABLE_CODE = YES;
				CLANG_WARN__DUPLICATE_METHOD_MATCH = YES;
				COPY_PHASE_STRIP = NO;
				DEBUG_INFORMATION_FORMAT = dwarf;
				ENABLE_STRICT_OBJC_MSGSEND = YES;
				ENABLE_TESTABILITY = YES;
				GCC_C_LANGUAGE_STANDARD = gnu11;
				GCC_DYNAMIC_NO_PIC = NO;
				GCC_NO_COMMON_BLOCKS = YES;
				GCC_OPTIMIZATION_LEVEL = 0;
				GCC_PREPROCESSOR_DEFINITIONS = (
					"DEBUG=1",
					"$(inherited)",
				);
				GCC_WARN_64_TO_32_BIT_CONVERSION = YES;
				GCC_WARN_ABOUT_RETURN_TYPE = YES_ERROR;
				GCC_WARN_UNDECLARED_SELECTOR = YES;
				GCC_WARN_UNINITIALIZED_AUTOS = YES_AGGRESSIVE;
				GCC_WARN_UNUSED_FUNCTION = YES;
				GCC_WARN_UNUSED_VARIABLE = YES;
				IPHONEOS_DEPLOYMENT_TARGET = 16.2;
				MTL_ENABLE_DEBUG_INFO = INCLUDE_SOURCE;
				MTL_FAST_MATH = YES;
				ONLY_ACTIVE_ARCH = YES;
				SDKROOT = iphoneos;
				SWIFT_ACTIVE_COMPILATION_CONDITIONS = DEBUG;
				SWIFT_OPTIMIZATION_LEVEL = "-Onone";
			};
			name = Debug;
		};
		D7A0914E2A8642C700B4D534 /* Release */ = {
			isa = XCBuildConfiguration;
			buildSettings = {
				ALWAYS_SEARCH_USER_PATHS = NO;
				CLANG_ANALYZER_NONNULL = YES;
				CLANG_ANALYZER_NUMBER_OBJECT_CONVERSION = YES_AGGRESSIVE;
				CLANG_CXX_LANGUAGE_STANDARD = "gnu++20";
				CLANG_ENABLE_MODULES = YES;
				CLANG_ENABLE_OBJC_ARC = YES;
				CLANG_ENABLE_OBJC_WEAK = YES;
				CLANG_WARN_BLOCK_CAPTURE_AUTORELEASING = YES;
				CLANG_WARN_BOOL_CONVERSION = YES;
				CLANG_WARN_COMMA = YES;
				CLANG_WARN_CONSTANT_CONVERSION = YES;
				CLANG_WARN_DEPRECATED_OBJC_IMPLEMENTATIONS = YES;
				CLANG_WARN_DIRECT_OBJC_ISA_USAGE = YES_ERROR;
				CLANG_WARN_DOCUMENTATION_COMMENTS = YES;
				CLANG_WARN_EMPTY_BODY = YES;
				CLANG_WARN_ENUM_CONVERSION = YES;
				CLANG_WARN_INFINITE_RECURSION = YES;
				CLANG_WARN_INT_CONVERSION = YES;
				CLANG_WARN_NON_LITERAL_NULL_CONVERSION = YES;
				CLANG_WARN_OBJC_IMPLICIT_RETAIN_SELF = YES;
				CLANG_WARN_OBJC_LITERAL_CONVERSION = YES;
				CLANG_WARN_OBJC_ROOT_CLASS = YES_ERROR;
				CLANG_WARN_QUOTED_INCLUDE_IN_FRAMEWORK_HEADER = YES;
				CLANG_WARN_RANGE_LOOP_ANALYSIS = YES;
				CLANG_WARN_STRICT_PROTOTYPES = YES;
				CLANG_WARN_SUSPICIOUS_MOVE = YES;
				CLANG_WARN_UNGUARDED_AVAILABILITY = YES_AGGRESSIVE;
				CLANG_WARN_UNREACHABLE_CODE = YES;
				CLANG_WARN__DUPLICATE_METHOD_MATCH = YES;
				COPY_PHASE_STRIP = NO;
				DEBUG_INFORMATION_FORMAT = "dwarf-with-dsym";
				ENABLE_NS_ASSERTIONS = NO;
				ENABLE_STRICT_OBJC_MSGSEND = YES;
				GCC_C_LANGUAGE_STANDARD = gnu11;
				GCC_NO_COMMON_BLOCKS = YES;
				GCC_WARN_64_TO_32_BIT_CONVERSION = YES;
				GCC_WARN_ABOUT_RETURN_TYPE = YES_ERROR;
				GCC_WARN_UNDECLARED_SELECTOR = YES;
				GCC_WARN_UNINITIALIZED_AUTOS = YES_AGGRESSIVE;
				GCC_WARN_UNUSED_FUNCTION = YES;
				GCC_WARN_UNUSED_VARIABLE = YES;
				IPHONEOS_DEPLOYMENT_TARGET = 16.2;
				MTL_ENABLE_DEBUG_INFO = NO;
				MTL_FAST_MATH = YES;
				SDKROOT = iphoneos;
				SWIFT_COMPILATION_MODE = wholemodule;
				SWIFT_OPTIMIZATION_LEVEL = "-O";
				VALIDATE_PRODUCT = YES;
			};
			name = Release;
		};
		D7A091502A8642C700B4D534 /* Debug */ = {
			isa = XCBuildConfiguration;
			buildSettings = {
				ASSETCATALOG_COMPILER_APPICON_NAME = AppIcon;
				ASSETCATALOG_COMPILER_GLOBAL_ACCENT_COLOR_NAME = AccentColor;
				CODE_SIGN_STYLE = Automatic;
				CURRENT_PROJECT_VERSION = 1;
				DEVELOPMENT_TEAM = N32558TFCM;
				GENERATE_INFOPLIST_FILE = YES;
				INFOPLIST_FILE = Algorithm/Info.plist;
				INFOPLIST_KEY_UIApplicationSupportsIndirectInputEvents = YES;
				INFOPLIST_KEY_UILaunchStoryboardName = LaunchScreen;
				INFOPLIST_KEY_UIMainStoryboardFile = Main;
				INFOPLIST_KEY_UISupportedInterfaceOrientations_iPad = "UIInterfaceOrientationPortrait UIInterfaceOrientationPortraitUpsideDown UIInterfaceOrientationLandscapeLeft UIInterfaceOrientationLandscapeRight";
				INFOPLIST_KEY_UISupportedInterfaceOrientations_iPhone = "UIInterfaceOrientationPortrait UIInterfaceOrientationLandscapeLeft UIInterfaceOrientationLandscapeRight";
				LD_RUNPATH_SEARCH_PATHS = (
					"$(inherited)",
					"@executable_path/Frameworks",
				);
				MARKETING_VERSION = 1.0;
				PRODUCT_BUNDLE_IDENTIFIER = coolcollege.Algorithm;
				PRODUCT_NAME = "$(TARGET_NAME)";
				SWIFT_EMIT_LOC_STRINGS = YES;
				SWIFT_VERSION = 5.0;
				TARGETED_DEVICE_FAMILY = "1,2";
			};
			name = Debug;
		};
		D7A091512A8642C700B4D534 /* Release */ = {
			isa = XCBuildConfiguration;
			buildSettings = {
				ASSETCATALOG_COMPILER_APPICON_NAME = AppIcon;
				ASSETCATALOG_COMPILER_GLOBAL_ACCENT_COLOR_NAME = AccentColor;
				CODE_SIGN_STYLE = Automatic;
				CURRENT_PROJECT_VERSION = 1;
				DEVELOPMENT_TEAM = N32558TFCM;
				GENERATE_INFOPLIST_FILE = YES;
				INFOPLIST_FILE = Algorithm/Info.plist;
				INFOPLIST_KEY_UIApplicationSupportsIndirectInputEvents = YES;
				INFOPLIST_KEY_UILaunchStoryboardName = LaunchScreen;
				INFOPLIST_KEY_UIMainStoryboardFile = Main;
				INFOPLIST_KEY_UISupportedInterfaceOrientations_iPad = "UIInterfaceOrientationPortrait UIInterfaceOrientationPortraitUpsideDown UIInterfaceOrientationLandscapeLeft UIInterfaceOrientationLandscapeRight";
				INFOPLIST_KEY_UISupportedInterfaceOrientations_iPhone = "UIInterfaceOrientationPortrait UIInterfaceOrientationLandscapeLeft UIInterfaceOrientationLandscapeRight";
				LD_RUNPATH_SEARCH_PATHS = (
					"$(inherited)",
					"@executable_path/Frameworks",
				);
				MARKETING_VERSION = 1.0;
				PRODUCT_BUNDLE_IDENTIFIER = coolcollege.Algorithm;
				PRODUCT_NAME = "$(TARGET_NAME)";
				SWIFT_EMIT_LOC_STRINGS = YES;
				SWIFT_VERSION = 5.0;
				TARGETED_DEVICE_FAMILY = "1,2";
			};
			name = Release;
		};
/* End XCBuildConfiguration section */

/* Begin XCConfigurationList section */
		D7A091362A8642C300B4D534 /* Build configuration list for PBXProject "Algorithm" */ = {
			isa = XCConfigurationList;
			buildConfigurations = (
				D7A0914D2A8642C700B4D534 /* Debug */,
				D7A0914E2A8642C700B4D534 /* Release */,
			);
			defaultConfigurationIsVisible = 0;
			defaultConfigurationName = Release;
		};
		D7A0914F2A8642C700B4D534 /* Build configuration list for PBXNativeTarget "Algorithm" */ = {
			isa = XCConfigurationList;
			buildConfigurations = (
				D7A091502A8642C700B4D534 /* Debug */,
				D7A091512A8642C700B4D534 /* Release */,
			);
			defaultConfigurationIsVisible = 0;
			defaultConfigurationName = Release;
		};
/* End XCConfigurationList section */
	};
	rootObject = D7A091332A8642C300B4D534 /* Project object */;
}
